
Microsoft Visual Studio Solution File, Format Version 11.00
# Visual Studio 2010
Project("{2150E333-8FDC-42A3-9474-1A3956D46DE8}") = "Solution Items", "Solution Items", "{B66EB1DC-6231-4894-A622-A64D52013F5B}"
	ProjectSection(SolutionItems) = preProject
		Local.testsettings = Local.testsettings
		Sudoku.vsmdi = Sudoku.vsmdi
		TraceAndTestImpact.testsettings = TraceAndTestImpact.testsettings
	EndProjectSection
EndProject
Project("{FAE04EC0-301F-11D3-BF4B-00C04F79EFBC}") = "Sudoku", "Sudoku\Sudoku.csproj", "{8255EC42-C051-43F3-A893-D6CC8E04CD23}"
EndProject
Project("{FAE04EC0-301F-11D3-BF4B-00C04F79EFBC}") = "TestSudoku", "TestSudoku\TestSudoku.csproj", "{D06320AA-7F50-455A-8527-3AD30A3E1243}"
EndProject
Project("{FAE04EC0-301F-11D3-BF4B-00C04F79EFBC}") = "SudokuGame", "PrintSudokuBook\SudokuGame.csproj", "{8F428D36-0016-4400-9D96-81D2E5AA5C32}"
EndProject
Global
	GlobalSection(TestCaseManagementSettings) = postSolution
		CategoryFile = Sudoku.vsmdi
	EndGlobalSection
	GlobalSection(SolutionConfigurationPlatforms) = preSolution
		Debug|Any CPU = Debug|Any CPU
		Debug|Mixed Platforms = Debug|Mixed Platforms
		Debug|x86 = Debug|x86
		Release|Any CPU = Release|Any CPU
		Release|Mixed Platforms = Release|Mixed Platforms
		Release|x86 = Release|x86
	EndGlobalSection
	GlobalSection(ProjectConfigurationPlatforms) = postSolution
		{8255EC42-C051-43F3-A893-D6CC8E04CD23}.Debug|Any CPU.ActiveCfg = Debug|Any CPU
		{8255EC42-C051-43F3-A893-D6CC8E04CD23}.Debug|Any CPU.Build.0 = Debug|Any CPU
		{8255EC42-C051-43F3-A893-D6CC8E04CD23}.Debug|Mixed Platforms.ActiveCfg = Debug|Any CPU
		{8255EC42-C051-43F3-A893-D6CC8E04CD23}.Debug|Mixed Platforms.Build.0 = Debug|Any CPU
		{8255EC42-C051-43F3-A893-D6CC8E04CD23}.Debug|x86.ActiveCfg = Debug|Any CPU
		{8255EC42-C051-43F3-A893-D6CC8E04CD23}.Release|Any CPU.ActiveCfg = Release|Any CPU
		{8255EC42-C051-43F3-A893-D6CC8E04CD23}.Release|Any CPU.Build.0 = Release|Any CPU
		{8255EC42-C051-43F3-A893-D6CC8E04CD23}.Release|Mixed Platforms.ActiveCfg = Release|Any CPU
		{8255EC42-C051-43F3-A893-D6CC8E04CD23}.Release|Mixed Platforms.Build.0 = Release|Any CPU
		{8255EC42-C051-43F3-A893-D6CC8E04CD23}.Release|x86.ActiveCfg = Release|Any CPU
		{D06320AA-7F50-455A-8527-3AD30A3E1243}.Debug|Any CPU.ActiveCfg = Debug|Any CPU
		{D06320AA-7F50-455A-8527-3AD30A3E1243}.Debug|Any CPU.Build.0 = Debug|Any CPU
		{D06320AA-7F50-455A-8527-3AD30A3E1243}.Debug|Mixed Platforms.ActiveCfg = Debug|Any CPU
		{D06320AA-7F50-455A-8527-3AD30A3E1243}.Debug|Mixed Platforms.Build.0 = Debug|Any CPU
		{D06320AA-7F50-455A-8527-3AD30A3E1243}.Debug|x86.ActiveCfg = Debug|Any CPU
		{D06320AA-7F50-455A-8527-3AD30A3E1243}.Release|Any CPU.ActiveCfg = Release|Any CPU
		{D06320AA-7F50-455A-8527-3AD30A3E1243}.Release|Any CPU.Build.0 = Release|Any CPU
		{D06320AA-7F50-455A-8527-3AD30A3E1243}.Release|Mixed Platforms.ActiveCfg = Release|Any CPU
		{D06320AA-7F50-455A-8527-3AD30A3E1243}.Release|Mixed Platforms.Build.0 = Release|Any CPU
		{D06320AA-7F50-455A-8527-3AD30A3E1243}.Release|x86.ActiveCfg = Release|Any CPU
		{8F428D36-0016-4400-9D96-81D2E5AA5C32}.Debug|Any CPU.ActiveCfg = Debug|x86
		{8F428D36-0016-4400-9D96-81D2E5AA5C32}.Debug|Mixed Platforms.ActiveCfg = Debug|x86
		{8F428D36-0016-4400-9D96-81D2E5AA5C32}.Debug|Mixed Platforms.Build.0 = Debug|x86
		{8F428D36-0016-4400-9D96-81D2E5AA5C32}.Debug|x86.ActiveCfg = Debug|x86
		{8F428D36-0016-4400-9D96-81D2E5AA5C32}.Debug|x86.Build.0 = Debug|x86
		{8F428D36-0016-4400-9D96-81D2E5AA5C32}.Release|Any CPU.ActiveCfg = Release|x86
		{8F428D36-0016-4400-9D96-81D2E5AA5C32}.Release|Mixed Platforms.ActiveCfg = Release|x86
		{8F428D36-0016-4400-9D96-81D2E5AA5C32}.Release|Mixed Platforms.Build.0 = Release|x86
		{8F428D36-0016-4400-9D96-81D2E5AA5C32}.Release|x86.ActiveCfg = Release|x86
		{8F428D36-0016-4400-9D96-81D2E5AA5C32}.Release|x86.Build.0 = Release|x86
	EndGlobalSection
	GlobalSection(SolutionProperties) = preSolution
		HideSolutionNode = FALSE
	EndGlobalSection
EndGlobal
